dependencies:
- name: docker-registry
  repository: https://twuni.github.io/docker-registry.helm
  version: 2.2.2
- name: flyte-binary
  repository: file://../flyte-binary
  version: v0.1.12
- name: kubernetes-dashboard
  repository: https://kubernetes-retired.github.io/dashboard/
  version: 6.0.0
- name: minio
  repository: https://charts.bitnami.com/bitnami
  version: 12.6.7
- name: postgresql
  repository: https://charts.bitnami.com/bitnami
  version: 12.8.1
digest: sha256:3c2af3ef10602a27942d5c2d159070750ddfeca009efe0436272784dd385f865
generated: "2026-08-26T03:03:44.022247816Z"
